version = 1
revision = 3
requires-python = ">=3.8"
resolution-markers = [
    "python_full_version >= '3.10'",
    "python_full_version == '3.9.*'",
    "python_full_version < '3.9'",
]

[[package]]
name = "blinker"
version = "1.8.2"
source = { registry = "https://pypi.org/simple" }
resolution-markers = [
    "python_full_version < '3.9'",
]
sdist = { url = "https://files.pythonhosted.org/packages/1e/57/a6a1721eff09598fb01f3c7cda070c1b6a0f12d63c83236edf79a440abcc/blinker-1.8.2.tar.gz", hash = "sha256:8f77b09d3bf7c795e969e9486f39c2c5e9c39d4ee07424be2bc594ece9642d83", size = 23161, upload-time = "2024-05-06T17:04:10.101Z" }
wheels = [
    { url = "https://files.pythonhosted.org/packages/bb/2a/10164ed1f31196a2f7f3799368a821765c62851ead0e630ab52b8e14b4d0/blinker-1.8.2-py3-none-any.whl", hash = "sha256:1779309f71bf239144b9399d06ae925637cf6634cf6bd131104184531bf67c01", size = 9456, upload-time = "2024-05-06T17:04:08.444Z" },
]

[[package]]
name = "blinker"
version = "1.9.0"
source = { registry = "https://pypi.org/simple" }
resolution-markers = [
    "python_full_version >= '3.10'",
    "python_full_version == '3.9.*'",
]
sdist = { url = "https://files.pythonhosted.org/packages/21/28/9b3f50ce0e048515135495f198351908d99540d69bfdc8c1d15b73dc55ce/blinker-1.9.0.tar.gz", hash = "sha256:b4ce2265a7abece45e7cc896e98dbebe6cead56bcf805a3d23136d145f5445bf", size = 22460, upload-time = "2024-11-08T17:25:47.436Z" }
wheels = [
    { url = "https://files.pythonhosted.org/packages/10/cb/f2ad4230dc2eb1a74edf38f1a38b9b52277f75bef262d8908e60d957e13c/blinker-1.9.0-py3-none-any.whl", hash = "sha256:ba0efaa9080b619ff2f3459d1d500c57bddea4a6b424b60a91141db6fd2f08bc", size = 8458, upload-time = "2024-11-08T17:25:46.184Z" },
]

[[package]]
name = "docutils"
version = "0.20.1"
source = { registry = "https://pypi.org/simple" }
resolution-markers = [
    "python_full_version < '3.9'",
]
sdist = { url = "https://files.pythonhosted.org/packages/1f/53/a5da4f2c5739cf66290fac1431ee52aff6851c7c8ffd8264f13affd7bcdd/docutils-0.20.1.tar.gz", hash = "sha256:f08a4e276c3a1583a86dce3e34aba3fe04d02bba2dd51ed16106244e8a923e3b", size = 2058365, upload-time = "2023-05-16T23:39:19.748Z" }
wheels = [
    { url = "https://files.pythonhosted.org/packages/26/87/f238c0670b94533ac0353a4e2a1a771a0cc73277b88bff23d3ae35a256c1/docutils-0.20.1-py3-none-any.whl", hash = "sha256:96f387a2c5562db4476f09f13bbab2192e764cac08ebbf3a34a95d9b1e4a59d6", size = 572666, upload-time = "2023-05-16T23:39:15.976Z" },
]

[[package]]
name = "docutils"
version = "0.23"
source = { registry = "https://pypi.org/simple" }
resolution-markers = [
    "python_full_version >= '3.10'",
    "python_full_version == '3.9.*'",
]
sdist = { url = "https://files.pythonhosted.org/packages/39/a4/5180d9afc57e8fca05601dd652bdff19604c218814037fe90ffc7625a50a/docutils-0.23.tar.gz", hash = "sha256:746f5060322511280a1e50eb76846ed6bf2342984b2ac04dc42caa1a8d78799e", size = 2303823, upload-time = "2026-05-27T17:41:06.934Z" }
wheels = [
    { url = "https://files.pythonhosted.org/packages/32/91/30151a39f7570f448ed84529390628a651d7f27c87d73c9b887f8189695e/docutils-0.23-py3-none-any.whl", hash = "sha256:25d013af9bf23bc1c7b2b093dff4208166c53a94786c9e447808335ef1185fea", size = 634701, upload-time = "2026-05-27T17:40:58.442Z" },
]

[[package]]
name = "feedgenerator"
version = "2.1.0"
source = { registry = "https://pypi.org/simple" }
resolution-markers = [
    "python_full_version < '3.9'",
]
dependencies = [
    { name = "pytz", marker = "python_full_version < '3.9'" },
]
sdist = { url = "https://files.pythonhosted.org/packages/5e/4e/0efde53652edbae3f86c0ec67260bb53287edc67033ac8d00fe08cd02557/feedgenerator-2.1.0.tar.gz", hash = "sha256:f075f23f28fd227f097c36b212161c6cf012e1c6caaf7ff53d5d6bb02cd42b9d", size = 20682, upload-time = "2023-04-14T10:44:54.35Z" }
wheels = [
    { url = "https://files.pythonhosted.org/packages/bd/a1/b7b1711d9bf43c3795366431633ab6ba6942744243aad809272ebfa59b39/feedgenerator-2.1.0-py3-none-any.whl", hash = "sha256:93b7ce1c5a86195cafd6a8e9baf6a2a863ebd6d9905e840ce5778f73efd9a8d5", size = 21796, upload-time = "2023-04-14T10:44:51.852Z" },
]

[[package]]
name = "feedgenerator"
version = "2.2.1"
source = { registry = "https://pypi.org/simple" }
resolution-markers = [
    "python_full_version >= '3.10'",
    "python_full_version == '3.9.*'",
]
dependencies = [
    { name = "tzdata", marker = "python_full_version >= '3.9' and sys_platform == 'win32'" },
]
sdist = { url = "https://files.pythonhosted.org/packages/b0/d2/f05e9f4628cb0df988de66f8a97dd52877490e6ebf8e7b41cd341bf2ad6b/feedgenerator-2.2.1.tar.gz", hash = "sha256:0eaa955f1f0bcb5b87ac195af740f06ff9fff4a40ed30b8a7c6bbebb264d4dd1", size = 20872, upload-time = "2025-08-17T19:36:53.48Z" }
wheels = [
    { url = "https://files.pythonhosted.org/packages/b9/08/6f74bef4663fb137fa10b493facce85bee8c055b67fbd9a7695d88e3d1a3/feedgenerator-2.2.1-py3-none-any.whl", hash = "sha256:0d8bb321e49dd43c916b659e137c1eab1b1c053dd4535a03ef8d47e5f3358ba5", size = 18495, upload-time = "2025-08-17T19:36:52.036Z" },
]

[[package]]
name = "jeancochrane-com"
version = "0.1.0"
source = { virtual = "." }
dependencies = [
    { name = "jinja2" },
    { name = "markdown" },
    { name = "markupsafe" },
    { name = "pelican" },
    { name = "setuptools" },
]

[package.metadata]
requires-dist = [
    { name = "jinja2", specifier = "<3.1" },
    { name = "markdown", specifier = "==3.1.1" },
    { name = "markupsafe", specifier = "<2.1" },
    { name = "pelican", specifier = "==4.1.0" },
    { name = "setuptools", specifier = "<81" },
]

[[package]]
name = "jinja2"
version = "3.0.3"
source = { registry = "https://pypi.org/simple" }
dependencies = [
    { name = "markupsafe" },
]
sdist = { url = "https://files.pythonhosted.org/packages/91/a5/429efc6246119e1e3fbf562c00187d04e83e54619249eb732bb423efa6c6/Jinja2-3.0.3.tar.gz", hash = "sha256:611bb273cd68f3b993fabdc4064fc858c5b47a973cb5aa7999ec1ba405c87cd7", size = 269196, upload-time = "2021-11-09T20:27:29.541Z" }
wheels = [
    { url = "https://files.pythonhosted.org/packages/20/9a/e5d9ec41927401e41aea8af6d16e78b5e612bca4699d417f646a9610a076/Jinja2-3.0.3-py3-none-any.whl", hash = "sha256:077ce6014f7b40d03b47d1f1ca4b0fc8328a692bd284016f806ed0eaca390ad8", size = 133630, upload-time = "2021-11-09T20:27:27.116Z" },
]

[[package]]
name = "markdown"
version = "3.1.1"
source = { registry = "https://pypi.org/simple" }
dependencies = [
    { name = "setuptools" },
]
sdist = { url = "https://files.pythonhosted.org/packages/ac/df/0ae25a9fd5bb528fe3c65af7143708160aa3b47970d5272003a1ad5c03c6/Markdown-3.1.1.tar.gz", hash = "sha256:2e50876bcdd74517e7b71f3e7a76102050edec255b3983403f1a63e7c8a41e7a", size = 294136, upload-time = "2019-05-21T01:10:26.93Z" }
wheels = [
    { url = "https://files.pythonhosted.org/packages/c0/4e/fd492e91abdc2d2fcb70ef453064d980688762079397f779758e055f6575/Markdown-3.1.1-py2.py3-none-any.whl", hash = "sha256:56a46ac655704b91e5b7e6326ce43d5ef72411376588afa1dd90e881b83c7e8c", size = 87763, upload-time = "2019-05-21T01:10:24.61Z" },
]

[[package]]
name = "markupsafe"
version = "2.0.1"
source = { registry = "https://pypi.org/simple" }
sdist = { url = "https://files.pythonhosted.org/packages/bf/10/ff66fea6d1788c458663a84d88787bae15d45daa16f6b3ef33322a51fc7e/MarkupSafe-2.0.1.tar.gz", hash = "sha256:594c67807fb16238b30c44bdf74f36c02cdf22d1c8cda91ef8a0ed8dabf5620a", size = 18596, upload-time = "2021-05-18T17:18:22.856Z" }
wheels = [
    { url = "https://files.pythonhosted.org/packages/81/8b/f28eac2790d49dde61f89ae9e007ac65002edc90bb2dd63c3b9e653820d2/MarkupSafe-2.0.1-cp310-cp310-macosx_10_9_universal2.whl", hash = "sha256:d8446c54dc28c01e5a2dbac5a25f071f6653e6e40f3a8818e8b45d790fe6ef53", size = 18330, upload-time = "2021-08-11T18:10:38.104Z" },
    { url = "https://files.pythonhosted.org/packages/21/84/e090d999105fe0f3e1d955725ed2c9aeebc649ee83edab0e73d353d47e5d/MarkupSafe-2.0.1-cp310-cp310-macosx_10_9_x86_64.whl", hash = "sha256:36bc903cbb393720fad60fc28c10de6acf10dc6cc883f3e24ee4012371399a38", size = 14005, upload-time = "2021-08-11T18:10:39.711Z" },
    { url = "https://files.pythonhosted.org/packages/e6/57/e9d243b12918f22bc3aa1392db7821dcb643a120e87b3f8c9bc7e1ad33f1/MarkupSafe-2.0.1-cp310-cp310-manylinux_2_17_aarch64.manylinux2014_aarch64.whl", hash = "sha256:2d7d807855b419fc2ed3e631034685db6079889a1f01d5d9dac950f764da3dad", size = 26830, upload-time = "2021-08-11T18:10:41.209Z" },
    { url = "https://files.pythonhosted.org/packages/5a/98/3303496a5d19aabba67c443ba1df6ee1bec94549b3f8976f90c06a6942e6/MarkupSafe-2.0.1-cp310-cp310-manylinux_2_5_i686.manylinux1_i686.manylinux_2_12_i686.manylinux2010_i686.whl", hash = "sha256:add36cb2dbb8b736611303cd3bfcee00afd96471b09cda130da3581cbdc56a6d", size = 30410, upload-time = "2021-08-11T18:10:43.44Z" },
    { url = "https://files.pythonhosted.org/packages/53/e8/601efa63c4058311a8bda7984a2fe554b9da574044967d7aee253661ee46/MarkupSafe-2.0.1-cp310-cp310-manylinux_2_5_x86_64.manylinux1_x86_64.manylinux_2_12_x86_64.manylinux2010_x86_64.whl", hash = "sha256:168cd0a3642de83558a5153c8bd34f175a9a6e7f6dc6384b9655d2697312a646", size = 30770, upload-time = "2021-08-11T18:10:44.873Z" },
    { url = "https://files.pythonhosted.org/packages/a4/c8/9d2161b2080cb69c8834d1c34a399685347523acbfc923b203ad27bf1215/MarkupSafe-2.0.1-cp310-cp310-musllinux_1_1_aarch64.whl", hash = "sha256:4dc8f9fb58f7364b63fd9f85013b780ef83c11857ae79f2feda41e270468dd9b", size = 31170, upload-time = "2021-10-22T17:36:49.118Z" },
    { url = "https://files.pythonhosted.org/packages/51/c3/7154db2b7d5b24875e1f1c42bab87a46af688bd6a5c89a90c60053cb6b33/MarkupSafe-2.0.1-cp310-cp310-musllinux_1_1_i686.whl", hash = "sha256:20dca64a3ef2d6e4d5d615a3fd418ad3bde77a47ec8a23d984a12b5b4c74491a", size = 30127, upload-time = "2021-10-22T17:36:51.271Z" },
    { url = "https://files.pythonhosted.org/packages/04/69/c31e837e4bb5532b02d297152464b2cb8a0edeb9bef762c015e9b4e95e16/MarkupSafe-2.0.1-cp310-cp310-musllinux_1_1_x86_64.whl", hash = "sha256:cdfba22ea2f0029c9261a4bd07e830a8da012291fbe44dc794e488b6c9bb353a", size = 30553, upload-time = "2021-10-22T17:36:53.02Z" },
    { url = "https://files.pythonhosted.org/packages/c1/39/9df65c006a88fce7bbd5ec3195b949b79477b1a325564f486c611c367893/MarkupSafe-2.0.1-cp310-cp310-win32.whl", hash = "sha256:99df47edb6bda1249d3e80fdabb1dab8c08ef3975f69aed437cb69d0a5de1e28", size = 14331, upload-time = "2021-08-11T18:10:46.98Z" },
    { url = "https://files.pythonhosted.org/packages/93/28/d42b954fb9189cf4b78b0b0a025cff9b2583f93b37d1a345768ade29e5dd/MarkupSafe-2.0.1-cp310-cp310-win_amd64.whl", hash = "sha256:e0f138900af21926a02425cf736db95be9f4af72ba1bb21453432a07f6082134", size = 15042, upload-time = "2021-08-11T18:10:48.832Z" },
    { url = "https://files.pythonhosted.org/packages/51/1e/45e25cd867fb79339c49086dad9794e11923dd6325251ae48c341b0a4271/MarkupSafe-2.0.1-cp38-cp38-macosx_10_9_universal2.whl", hash = "sha256:5bb28c636d87e840583ee3adeb78172efc47c8b26127267f54a9c0ec251d41a9", size = 18323, upload-time = "2021-08-11T18:11:00.147Z" },
    { url = "https://files.pythonhosted.org/packages/70/56/f81c0cfbc22882df36358ecdedc5474571183e5a5adde1e237079acee437/MarkupSafe-2.0.1-cp38-cp38-macosx_10_9_x86_64.whl", hash = "sha256:be98f628055368795d818ebf93da628541e10b75b41c559fdf36d104c5787066", size = 13982, upload-time = "2021-05-18T17:17:57.638Z" },
    { url = "https://files.pythonhosted.org/packages/f9/12/b63afcb3bf9f27fd347adef452f9a6e27dfe7107a8f2685afacc8e9c6592/MarkupSafe-2.0.1-cp38-cp38-manylinux1_i686.whl", hash = "sha256:1d609f577dc6e1aa17d746f8bd3c31aa4d258f4070d61b2aa5c4166c1539de35", size = 30224, upload-time = "2021-05-18T17:17:59.342Z" },
    { url = "https://files.pythonhosted.org/packages/1d/c5/1d1b42c65f96ee7b0c81761260878d1a1dc0afdf259e434b7d7af88a80a3/MarkupSafe-2.0.1-cp38-cp38-manylinux1_x86_64.whl", hash = "sha256:7d91275b0245b1da4d4cfa07e0faedd5b0812efc15b702576d103293e252af1b", size = 30562, upload-time = "2021-05-18T17:18:00.993Z" },
    { url = "https://files.pythonhosted.org/packages/92/ac/94771b65ac9f77cf37e43b38516697bbc4e128ee152b68d596ae44c6c896/MarkupSafe-2.0.1-cp38-cp38-manylinux2010_i686.whl", hash = "sha256:01a9b8ea66f1658938f65b93a85ebe8bc016e6769611be228d797c9d998dd298", size = 30226, upload-time = "2021-05-18T17:18:02.373Z" },
    { url = "https://files.pythonhosted.org/packages/68/ba/7a5ca0f9b4239e6fd846dd54c0b5928187355fa62fbdbd13e1c5942afae7/MarkupSafe-2.0.1-cp38-cp38-manylinux2010_x86_64.whl", hash = "sha256:47ab1e7b91c098ab893b828deafa1203de86d0bc6ab587b160f78fe6c4011f75", size = 30563, upload-time = "2021-05-18T17:18:03.682Z" },
    { url = "https://files.pythonhosted.org/packages/eb/3b/1cddaf0338a031ef5c2e1d9d74f2d607d564748a933b44de6edfe7a2a880/MarkupSafe-2.0.1-cp38-cp38-manylinux2014_aarch64.whl", hash = "sha256:97383d78eb34da7e1fa37dd273c20ad4320929af65d156e35a5e2d89566d9dfb", size = 31869, upload-time = "2021-05-18T17:18:05.381Z" },
    { url = "https://files.pythonhosted.org/packages/e4/9b/c7b55a2f587368d69eb6dc36e285010ab0bbb74323833d501921e08e2728/MarkupSafe-2.0.1-cp38-cp38-manylinux_2_17_aarch64.manylinux2014_aarch64.whl", hash = "sha256:6fcf051089389abe060c9cd7caa212c707e58153afa2c649f00346ce6d260f1b", size = 27085, upload-time = "2021-08-11T18:11:02.134Z" },
    { url = "https://files.pythonhosted.org/packages/cc/f2/854d33eee85df681e61e22b52d8e83bef8b7425c0b9826212289f7885710/MarkupSafe-2.0.1-cp38-cp38-manylinux_2_5_i686.manylinux1_i686.manylinux_2_12_i686.manylinux2010_i686.whl", hash = "sha256:5855f8438a7d1d458206a2466bf82b0f104a3724bf96a1c781ab731e4201731a", size = 30239, upload-time = "2021-08-11T18:11:03.41Z" },
    { url = "https://files.pythonhosted.org/packages/7a/e8/00c435416c9b0238dca6f883563b01c4cc532b2ba6aaf7268081f6238520/MarkupSafe-2.0.1-cp38-cp38-manylinux_2_5_x86_64.manylinux1_x86_64.manylinux_2_12_x86_64.manylinux2010_x86_64.whl", hash = "sha256:3dd007d54ee88b46be476e293f48c85048603f5f516008bee124ddd891398ed6", size = 30603, upload-time = "2021-08-11T18:11:05.269Z" },
    { url = "https://files.pythonhosted.org/packages/95/18/b7a45c16635acafdf6837a6fd4c71acfe5bad202884c6fcbae4ea0763dde/MarkupSafe-2.0.1-cp38-cp38-musllinux_1_1_aarch64.whl", hash = "sha256:aca6377c0cb8a8253e493c6b451565ac77e98c2951c45f913e0b52facdcff83f", size = 30964, upload-time = "2021-10-22T17:37:04.356Z" },
    { url = "https://files.pythonhosted.org/packages/15/90/b63743e72c9ffc5988c7b1c04d14f9a32ae49574afe8a7fbea0ce538bda4/MarkupSafe-2.0.1-cp38-cp38-musllinux_1_1_i686.whl", hash = "sha256:04635854b943835a6ea959e948d19dcd311762c5c0c6e1f0e16ee57022669194", size = 29982, upload-time = "2021-10-22T17:37:05.661Z" },
    { url = "https://files.pythonhosted.org/packages/1f/44/ada8e01854175525e8e139278c3a52fec0ef720307cbd670bca86b473b56/MarkupSafe-2.0.1-cp38-cp38-musllinux_1_1_x86_64.whl", hash = "sha256:6300b8454aa6930a24b9618fbb54b5a68135092bc666f7b06901f897fa5c2fee", size = 30372, upload-time = "2021-10-22T17:37:07.001Z" },
    { url = "https://files.pythonhosted.org/packages/44/e6/4e1f202ec01062c8b4d03af72f1aeb2ca8fc97f9f5d95b9173302ac4e5ad/MarkupSafe-2.0.1-cp38-cp38-win32.whl", hash = "sha256:023cb26ec21ece8dc3907c0e8320058b2e0cb3c55cf9564da612bc325bed5e64", size = 14303, upload-time = "2021-05-18T17:18:06.962Z" },
    { url = "https://files.pythonhosted.org/packages/30/9e/4b7116f464a0151b86ce42b5185941eb74c207b38fe033f71f5e5d150356/MarkupSafe-2.0.1-cp38-cp38-win_amd64.whl", hash = "sha256:984d76483eb32f1bcb536dc27e4ad56bba4baa70be32fa87152832cdd9db0833", size = 14910, upload-time = "2021-05-18T17:18:08.389Z" },
    { url = "https://files.pythonhosted.org/packages/dd/8f/d0c570c851f70377ca6f344531fab4b6b01a99a9d2a801b25d6fd75525e5/MarkupSafe-2.0.1-cp39-cp39-macosx_10_9_universal2.whl", hash = "sha256:2ef54abee730b502252bcdf31b10dacb0a416229b72c18b19e24a4509f273d26", size = 18308, upload-time = "2021-05-18T17:18:09.686Z" },
    { url = "https://files.pythonhosted.org/packages/ce/a7/835a636047f4bb4fea31a682c18affad9795e864d800892bd7248485425e/MarkupSafe-2.0.1-cp39-cp39-macosx_10_9_x86_64.whl", hash = "sha256:3c112550557578c26af18a1ccc9e090bfe03832ae994343cfdacd287db6a6ae7", size = 13982, upload-time = "2021-05-18T17:18:11.27Z" },
    { url = "https://files.pythonhosted.org/packages/66/66/b5891704372c9f5d97432933bdd7e9b5a0647fad9170c72bb7f486550c43/MarkupSafe-2.0.1-cp39-cp39-manylinux1_i686.whl", hash = "sha256:53edb4da6925ad13c07b6d26c2a852bd81e364f95301c66e930ab2aef5b5ddd8", size = 30216, upload-time = "2021-05-18T17:18:13.098Z" },
    { url = "https://files.pythonhosted.org/packages/50/99/06eccf68be0bff67ab9a0b90b5382c04769f9ad2e42cae5e5e92f99380cd/MarkupSafe-2.0.1-cp39-cp39-manylinux1_x86_64.whl", hash = "sha256:f5653a225f31e113b152e56f154ccbe59eeb1c7487b39b9d9f9cdb58e6c79dc5", size = 30553, upload-time = "2021-05-18T17:18:14.502Z" },
    { url = "https://files.pythonhosted.org/packages/5a/ff/34bdcd8cc794f692588de0b3f4c1aa7ec0d17716fda9d874836ed68775c1/MarkupSafe-2.0.1-cp39-cp39-manylinux2010_i686.whl", hash = "sha256:4efca8f86c54b22348a5467704e3fec767b2db12fc39c6d963168ab1d3fc9135", size = 30220, upload-time = "2021-05-18T17:18:15.724Z" },
    { url = "https://files.pythonhosted.org/packages/6f/83/eabfb8c6d60b096dc9ada378cf935809289c4d0327b74a60789bde77e1db/MarkupSafe-2.0.1-cp39-cp39-manylinux2010_x86_64.whl", hash = "sha256:ab3ef638ace319fa26553db0624c4699e31a28bb2a835c5faca8f8acf6a5a902", size = 30556, upload-time = "2021-05-18T17:18:16.989Z" },
    { url = "https://files.pythonhosted.org/packages/ae/70/8dd5f2c0aab82431c9c619a2c4fbd1742fc0fb769d8d7b275ae1d03eb3a5/MarkupSafe-2.0.1-cp39-cp39-manylinux2014_aarch64.whl", hash = "sha256:f8ba0e8349a38d3001fae7eadded3f6606f0da5d748ee53cc1dab1d6527b9509", size = 31882, upload-time = "2021-05-18T17:18:18.807Z" },
    { url = "https://files.pythonhosted.org/packages/a6/d1/a7b97d0e000336c4e06bfce7e08dcb2b47fc5091146ee883dfac6cb4842e/MarkupSafe-2.0.1-cp39-cp39-manylinux_2_17_aarch64.manylinux2014_aarch64.whl", hash = "sha256:c47adbc92fc1bb2b3274c4b3a43ae0e4573d9fbff4f54cd484555edbf030baf1", size = 26719, upload-time = "2021-08-11T18:11:06.642Z" },
    { url = "https://files.pythonhosted.org/packages/67/e9/579a3ad8d48f7680f887ff1f22cc6330f083de23ce32a8fa35f8acef477a/MarkupSafe-2.0.1-cp39-cp39-manylinux_2_5_i686.manylinux1_i686.manylinux_2_12_i686.manylinux2010_i686.whl", hash = "sha256:37205cac2a79194e3750b0af2a5720d95f786a55ce7df90c3af697bfa100eaac", size = 30251, upload-time = "2021-08-11T18:11:08.559Z" },
    { url = "https://files.pythonhosted.org/packages/c2/db/314df69668f582d5173922bded7b58126044bb77cfce6347c5d992074d2e/MarkupSafe-2.0.1-cp39-cp39-manylinux_2_5_x86_64.manylinux1_x86_64.manylinux_2_12_x86_64.manylinux2010_x86_64.whl", hash = "sha256:1f2ade76b9903f39aa442b4aadd2177decb66525062db244b35d71d0ee8599b6", size = 30586, upload-time = "2021-08-11T18:11:09.935Z" },
    { url = "https://files.pythonhosted.org/packages/8f/87/4668ce3963e942a9aa7b13212158e74bf063a2461138b7ed5a043ac6aa79/MarkupSafe-2.0.1-cp39-cp39-musllinux_1_1_aarch64.whl", hash = "sha256:4296f2b1ce8c86a6aea78613c34bb1a672ea0e3de9c6ba08a960efe0b0a09047", size = 30980, upload-time = "2021-10-22T17:37:09.064Z" },
    { url = "https://files.pythonhosted.org/packages/a7/55/a576835b6b95af21d15f69eaf14c4fb1358fd48475f2b9813abd9654132e/MarkupSafe-2.0.1-cp39-cp39-musllinux_1_1_i686.whl", hash = "sha256:9f02365d4e99430a12647f09b6cc8bab61a6564363f313126f775eb4f6ef798e", size = 29902, upload-time = "2021-10-22T17:37:10.621Z" },
    { url = "https://files.pythonhosted.org/packages/3b/41/f53e2ac439b309d8bb017d12ee6e7d393aa70c508448c1f30a7e5db9d69e/MarkupSafe-2.0.1-cp39-cp39-musllinux_1_1_x86_64.whl", hash = "sha256:5b6d930f030f8ed98e3e6c98ffa0652bdb82601e7a016ec2ab5d7ff23baa78d1", size = 30340, upload-time = "2021-10-22T17:37:12.941Z" },
    { url = "https://files.pythonhosted.org/packages/6a/96/7a23b44f742384a866173502e19cc1ec13951085bbb4e24be504dfc6da9f/MarkupSafe-2.0.1-cp39-cp39-win32.whl", hash = "sha256:10f82115e21dc0dfec9ab5c0223652f7197feb168c940f3ef61563fc2d6beb74", size = 14331, upload-time = "2021-05-18T17:18:20.171Z" },
    { url = "https://files.pythonhosted.org/packages/5b/db/49785acd523bd5eef83d0e21594eec1c2d7d45afc473dcc85037243de673/MarkupSafe-2.0.1-cp39-cp39-win_amd64.whl", hash = "sha256:693ce3f9e70a6cf7d2fb9e6c9d8b204b6b39897a2c4a1aa65728d5ac97dcc1d8", size = 14937, upload-time = "2021-05-18T17:18:21.693Z" },
]

[[package]]
name = "pelican"
version = "4.1.0"
source = { registry = "https://pypi.org/simple" }
dependencies = [
    { name = "blinker", version = "1.8.2", source = { registry = "https://pypi.org/simple" }, marker = "python_full_version < '3.9'" },
    { name = "blinker", version = "1.9.0", source = { registry = "https://pypi.org/simple" }, marker = "python_full_version >= '3.9'" },
    { name = "docutils", version = "0.20.1", source = { registry = "https://pypi.org/simple" }, marker = "python_full_version < '3.9'" },
    { name = "docutils", version = "0.23", source = { registry = "https://pypi.org/simple" }, marker = "python_full_version >= '3.9'" },
    { name = "feedgenerator", version = "2.1.0", source = { registry = "https://pypi.org/simple" }, marker = "python_full_version < '3.9'" },
    { name = "feedgenerator", version = "2.2.1", source = { registry = "https://pypi.org/simple" }, marker = "python_full_version >= '3.9'" },
    { name = "jinja2" },
    { name = "pygments", version = "2.19.2", source = { registry = "https://pypi.org/simple" }, marker = "python_full_version < '3.9'" },
    { name = "pygments", version = "2.21.0", source = { registry = "https://pypi.org/simple" }, marker = "python_full_version >= '3.9'" },
    { name = "python-dateutil" },
    { name = "pytz" },
    { name = "six" },
    { name = "unidecode" },
]
sdist = { url = "https://files.pythonhosted.org/packages/9b/83/6dbcc19429acaecbc62eb060b06a62244d2d3f688c09f6d8278a3cbbb13a/pelican-4.1.0.tar.gz", hash = "sha256:d2bff36b9dd1bd3b70874b9ac06fafcd2620b16c0a21adb5051c48055a2b6f80", size = 414212, upload-time = "2019-07-14T15:40:33.899Z" }
wheels = [
    { url = "https://files.pythonhosted.org/packages/ba/38/9969a46cf0e15b14858e48f4933cc89baf5fb51cf6160a86e65435bc8dbb/pelican-4.1.0-py2.py3-none-any.whl", hash = "sha256:8049fb2411d902659ddc15c142a13f2c342e05f7f4a205f210a27e2ae8b8a81e", size = 258736, upload-time = "2019-07-14T15:40:28.666Z" },
]

[[package]]
name = "pygments"
version = "2.19.2"
source = { registry = "https://pypi.org/simple" }
resolution-markers = [
    "python_full_version < '3.9'",
]
sdist = { url = "https://files.pythonhosted.org/packages/b0/77/a5b8c569bf593b0140bde72ea885a803b82086995367bf2037de0159d924/pygments-2.19.2.tar.gz", hash = "sha256:636cb2477cec7f8952536970bc533bc43743542f70392ae026374600add5b887", size = 4968631, upload-time = "2025-06-21T13:39:12.283Z" }
wheels = [
    { url = "https://files.pythonhosted.org/packages/c7/21/705964c7812476f378728bdf590ca4b771ec72385c533964653c68e86bdc/pygments-2.19.2-py3-none-any.whl", hash = "sha256:86540386c03d588bb81d44bc3928634ff26449851e99741617ecb9037ee5ec0b", size = 1225217, upload-time = "2025-06-21T13:39:07.939Z" },
]

[[package]]
name = "pygments"
version = "2.21.0"
source = { registry = "https://pypi.org/simple" }
resolution-markers = [
    "python_full_version >= '3.10'",
    "python_full_version == '3.9.*'",
]
sdist = { url = "https://files.pythonhosted.org/packages/49/2e/ced460408999b33da6b31b0021b0f37d329e202d4169aeb164493778f25b/pygments-2.21.0.tar.gz", hash = "sha256:610ca751c9bc2492b38eb9a38a7fbc93edbbb2d7182edaf34e66ae493dee5c8c", size = 5005329, upload-time = "2026-08-17T08:02:48.824Z" }
wheels = [
    { url = "https://files.pythonhosted.org/packages/71/46/17f022dd3e953bf20a04a028a21ec746d942f8d2af30fa0f124fa0e6a684/pygments-2.21.0-py3-none-any.whl", hash = "sha256:2363c69b61c4a97c838da3b130dcd6468f4848992b21a82f2a63ec34377137d9", size = 1250147, upload-time = "2026-08-17T08:02:44.912Z" },
]

[[package]]
name = "python-dateutil"
version = "2.9.0.post0"
source = { registry = "https://pypi.org/simple" }
dependencies = [
    { name = "six" },
]
sdist = { url = "https://files.pythonhosted.org/packages/66/c0/0c8b6ad9f17a802ee498c46e004a0eb49bc148f2fd230864601a86dcf6db/python-dateutil-2.9.0.post0.tar.gz", hash = "sha256:37dd54208da7e1cd875388217d5e00ebd4179249f90fb72437e91a35459a0ad3", size = 342432, upload-time = "2024-03-01T18:36:20.211Z" }
wheels = [
    { url = "https://files.pythonhosted.org/packages/ec/57/56b9bcc3c9c6a792fcbaf139543cee77261f3651ca9da0c93f5c1221264b/python_dateutil-2.9.0.post0-py2.py3-none-any.whl", hash = "sha256:a8b2bc7bffae282281c8140a97d3aa9c14da0b136dfe83f850eea9a5f7470427", size = 229892, upload-time = "2024-03-01T18:36:18.57Z" },
]

[[package]]
name = "pytz"
version = "2026.4"
source = { registry = "https://pypi.org/simple" }
sdist = { url = "https://files.pythonhosted.org/packages/b0/ed/fa23d28713004418bbf2407127f80f385bfb0bf4e677bef02c25c27b00ee/pytz-2026.4.tar.gz", hash = "sha256:464303645bafafd72418898368b2429458f709cf1eb6a15372fbcc396b64da63", size = 318444, upload-time = "2026-09-24T03:58:40.443Z" }
wheels = [
    { url = "https://files.pythonhosted.org/packages/d5/11/e3df59614bebe0ca50c905442603eda64ae7ac19811d4e4f74aa2d51ca85/pytz-2026.4-py2.py3-none-any.whl", hash = "sha256:9d514388fbc89ca0833203464272ac485b8828568ab73532f5020f17e892a0ff", size = 506747, upload-time = "2026-09-24T03:58:38.629Z" },
]

[[package]]
name = "setuptools"
version = "75.3.4"
source = { registry = "https://pypi.org/simple" }
sdist = { url = "https://files.pythonhosted.org/packages/0e/93/d2622cbf262418995140dfc1ddb890badd6322893fa122302577c82b9617/setuptools-75.3.4.tar.gz", hash = "sha256:b4ea3f76e1633c4d2d422a5d68ab35fd35402ad71e6acaa5d7e5956eb47e8887", size = 1354595, upload-time = "2026-02-08T14:12:34.287Z" }
wheels = [
    { url = "https://files.pythonhosted.org/packages/cd/b1/961ba076c7d3732e3a97e6681c55ef647afb795fe8bfcd27becec8a762ce/setuptools-75.3.4-py3-none-any.whl", hash = "sha256:2dd50a7f42dddfa1d02a36f275dbe716f38ed250224f609d35fb60a09593d93e", size = 1251633, upload-time = "2026-02-08T14:12:32.364Z" },
]

[[package]]
name = "six"
version = "1.17.0"
source = { registry = "https://pypi.org/simple" }
sdist = { url = "https://files.pythonhosted.org/packages/94/e7/b2c673351809dca68a0e064b6af791aa332cf192da575fd474ed7d6f16a2/six-1.17.0.tar.gz", hash = "sha256:ff70335d468e7eb6ec65b95b99d3a2836546063f63acc5171de367e834932a81", size = 34031, upload-time = "2024-12-04T17:35:28.174Z" }
wheels = [
    { url = "https://files.pythonhosted.org/packages/b7/ce/149a00dd41f10bc29e5921b496af8b574d8413afcd5e30dfa0ed46c2cc5e/six-1.17.0-py2.py3-none-any.whl", hash = "sha256:4721f391ed90541fddacab5acf947aa0d3dc7d27b2e1e8eda2be8970586c3274", size = 11050, upload-time = "2024-12-04T17:35:26.475Z" },
]

[[package]]
name = "tzdata"
version = "2026.5"
source = { registry = "https://pypi.org/simple" }
sdist = { url = "https://files.pythonhosted.org/packages/d9/68/f1b440335057bfce71b6e50a9d09445aa2ecbd08359a337976627b8409e7/tzdata-2026.5.tar.gz", hash = "sha256:8cc73c0a0bfca7dbfa59235d60b2eff82231dee33f53d206db1acd9173cfc0a7", size = 200404, upload-time = "2026-10-03T09:23:14.143Z" }
wheels = [
    { url = "https://files.pythonhosted.org/packages/94/21/1e5995a1c920cce14e4bffae20c665ec10e7ed03ab25e006cd741092b718/tzdata-2026.5-py2.py3-none-any.whl", hash = "sha256:b683bd1b6659ddcd810ff02ad09ba821d4bf1065072805063eb35c49617905ac", size = 347996, upload-time = "2026-10-03T09:23:12.535Z" },
]

[[package]]
name = "unidecode"
version = "1.4.0"
source = { registry = "https://pypi.org/simple" }
sdist = { url = "https://files.pythonhosted.org/packages/94/7d/a8a765761bbc0c836e397a2e48d498305a865b70a8600fd7a942e85dcf63/Unidecode-1.4.0.tar.gz", hash = "sha256:ce35985008338b676573023acc382d62c264f307c8f7963733405add37ea2b23", size = 200149, upload-time = "2025-04-24T08:45:03.798Z" }
wheels = [
    { url = "https://files.pythonhosted.org/packages/8f/b7/559f59d57d18b44c6d1250d2eeaa676e028b9c527431f5d0736478a73ba1/Unidecode-1.4.0-py3-none-any.whl", hash = "sha256:c3c7606c27503ad8d501270406e345ddb480a7b5f38827eafe4fa82a137f0021", size = 235837, upload-time = "2025-04-24T08:45:01.609Z" },
]
